{
  "name": "insomnia-plugin-jsonata",
  "version": "0.0.1",
  "lockfileVersion": 1,
  "requires": true,
  "dependencies": {
    "jsonata": {
      "version": "1.8.6",
      "resolved": "https://registry.npmjs.org/jsonata/-/jsonata-1.8.6.tgz",
      "integrity": "sha512-ZH2TPYdNP2JecOl/HvrH47Xc+9imibEMQ4YqKy/F/FrM+2a6vfbGxeCX23dB9Fr6uvGwv+ghf1KxWB3iZk09wA=="
    }
  }
}
